// !$*UTF8*$!
{
	archiveVersion = 1;
	classes = {
	};
	objectVersion = 46;
	objects = {

/* Begin PBXBuildFile section */
		470FC4391C590CAD00BFCBD1 /* main.cpp in Sources */ = {isa = PBXBuildFile; fileRef = 470FC4381C590CAD00BFCBD1 /* main.cpp */; };
/* End PBXBuildFile section */

/* Begin PBXCopyFilesBuildPhase section */
		470FC4331C590CAD00BFCBD1 /* CopyFiles */ = {
			isa = PBXCopyFilesBuildPhase;
			buildActionMask = 2147483647;
			dstPath = /usr/share/man/man1/;
			dstSubfolderSpec = 0;
			files = (
			);
			runOnlyForDeploymentPostprocessing = 1;
		};
/* End PBXCopyFilesBuildPhase section */

/* Begin PBXFileReference section */
		470FC4351C590CAD00BFCBD1 /* verlet-magic */ = {isa = PBXFileReference; explicitFileType = "compiled.mach-o.executable"; includeInIndex = 0; path = "verlet-magic"; sourceTree = BUILT_PRODUCTS_DIR; };
		470FC4381C590CAD00BFCBD1 /* main.cpp */ = {isa = PBXFileReference; lastKnownFileType = sourcecode.cpp.cpp; path = main.cpp; sourceTree = "<group>"; };
/* End PBXFileReference section */

/* Begin PBXFrameworksBuildPhase section */
		470FC4321C590CAD00BFCBD1 /* Frameworks */ = {
			isa = PBXFrameworksBuildPhase;
			buildActionMask = 2147483647;
			files = (
			);
			runOnlyForDeploymentPostprocessing = 0;
		};
/* End PBXFrameworksBuildPhase section */

/* Begin PBXGroup section */
		470FC42C1C590CAD00BFCBD1 = {
			isa = PBXGroup;
			children = (
				470FC4371C590CAD00BFCBD1 /* verlet-magic */,
				470FC4361C590CAD00BFCBD1 /* Products */,
			);
			sourceTree = "<group>";
		};
		470FC4361C590CAD00BFCBD1 /* Products */ = {
			isa = PBXGroup;
			children = (
				470FC4351C590CAD00BFCBD1 /* verlet-magic */,
			);
			name = Products;
			sourceTree = "<group>";
		};
		470FC4371C590CAD00BFCBD1 /* verlet-magic */ = {
			isa = PBXGroup;
			children = (
				470FC4381C590CAD00BFCBD1 /* main.cpp */,
			);
			path = "verlet-magic";
			sourceTree = "<group>";
		};
/* End PBXGroup section */

/* Begin PBXNativeTarget section */
		470FC4341C590CAD00BFCBD1 /* verlet-magic */ = {
			isa = PBXNativeTarget;
			buildConfigurationList = 470FC43C1C590CAD00BFCBD1 /* Build configuration list for PBXNativeTarget "verlet-magic" */;
			buildPhases = (
				470FC4311C590CAD00BFCBD1 /* Sources */,
				470FC4321C590CAD00BFCBD1 /* Frameworks */,
				470FC4331C590CAD00BFCBD1 /* CopyFiles */,
			);
			buildRules = (
			);
			dependencies = (
			);
			name = "verlet-magic";
			productName = "verlet-magic";
			productReference = 470FC4351C590CAD00BFCBD1 /* verlet-magic */;
			productType = "com.apple.product-type.tool";
		};
/* End PBXNativeTarget section */

/* Begin PBXProject section */
		470FC42D1C590CAD00BFCBD1 /* Project object */ = {
			isa = PBXProject;
			attributes = {
				LastUpgradeCheck = 0640;
				ORGANIZATIONNAME = "Nambiar, Sanjay M";
				TargetAttributes = {
					470FC4341C590CAD00BFCBD1 = {
						CreatedOnToolsVersion = 6.4;
					};
				};
			};
			buildConfigurationList = 470FC4301C590CAD00BFCBD1 /* Build configuration list for PBXProject "verlet-magic" */;
			compatibilityVersion = "Xcode 3.2";
			developmentRegion = English;
			hasScannedForEncodings = 0;
			knownRegions = (
				en,
			);
			mainGroup = 470FC42C1C590CAD00BFCBD1;
			productRefGroup = 470FC4361C590CAD00BFCBD1 /* Products */;
			projectDirPath = "";
			projectRoot = "";
			targets = (
				470FC4341C590CAD00BFCBD1 /* verlet-magic */,
			);
		};
/* End PBXProject section */

/* Begin PBXSourcesBuildPhase section */
		470FC4311C590CAD00BFCBD1 /* Sources */ = {
			isa = PBXSourcesBuildPhase;
			buildActionMask = 2147483647;
			files = (
				470FC4391C590CAD00BFCBD1 /* main.cpp in Sources */,
			);
			runOnlyForDeploymentPostprocessing = 0;
		};
/* End PBXSourcesBuildPhase section */

/* Begin XCBuildConfiguration section */
		470FC43A1C590CAD00BFCBD1 /* Debug */ = {
			isa = XCBuildConfiguration;
			buildSettings = {
				ALWAYS_SEARCH_USER_PATHS = NO;
				CLANG_CXX_LANGUAGE_STANDARD = "gnu++0x";
				CLANG_CXX_LIBRARY = "libc++";
				CLANG_ENABLE_MODULES = YES;
				CLANG_ENABLE_OBJC_ARC = YES;
				CLANG_WARN_BOOL_CONVERSION = YES;
				CLANG_WARN_CONSTANT_CONVERSION = YES;
				CLANG_WARN_DIRECT_OBJC_ISA_USAGE = YES_ERROR;
				CLANG_WARN_EMPTY_BODY = YES;
				CLANG_WARN_ENUM_CONVERSION = YES;
				CLANG_WARN_INT_CONVERSION = YES;
				CLANG_WARN_OBJC_ROOT_CLASS = YES_ERROR;
				CLANG_WARN_UNREACHABLE_CODE = YES;
				CLANG_WARN__DUPLICATE_METHOD_MATCH = YES;
				COPY_PHASE_STRIP = NO;
				DEBUG_INFORMATION_FORMAT = dwarf;
				ENABLE_STRICT_OBJC_MSGSEND = YES;
				GCC_C_LANGUAGE_STANDARD = gnu99;
				GCC_DYNAMIC_NO_PIC = NO;
				GCC_NO_COMMON_BLOCKS = YES;
				GCC_OPTIMIZATION_LEVEL = 0;
				GCC_PREPROCESSOR_DEFINITIONS = (
					"DEBUG=1",
					"$(inherited)",
				);
				GCC_SYMBOLS_PRIVATE_EXTERN = NO;
				GCC_WARN_64_TO_32_BIT_CONVERSION = YES;
				GCC_WARN_ABOUT_RETURN_TYPE = YES_ERROR;
				GCC_WARN_UNDECLARED_SELECTOR = YES;
				GCC_WARN_UNINITIALIZED_AUTOS = YES_AGGRESSIVE;
				GCC_WARN_UNUSED_FUNCTION = YES;
				GCC_WARN_UNUSED_VARIABLE = YES;
				MACOSX_DEPLOYMENT_TARGET = 10.11;
				MTL_ENABLE_DEBUG_INFO = YES;
				ONLY_ACTIVE_ARCH = YES;
				SDKROOT = macosx;
			};
			name = Debug;
		};
		470FC43B1C590CAD00BFCBD1 /* Release */ = {
			isa = XCBuildConfiguration;
			buildSettings = {
				ALWAYS_SEARCH_USER_PATHS = NO;
				CLANG_CXX_LANGUAGE_STANDARD = "gnu++0x";
				CLANG_CXX_LIBRARY = "libc++";
				CLANG_ENABLE_MODULES = YES;
				CLANG_ENABLE_OBJC_ARC = YES;
				CLANG_WARN_BOOL_CONVERSION = YES;
				CLANG_WARN_CONSTANT_CONVERSION = YES;
				CLANG_WARN_DIRECT_OBJC_ISA_USAGE = YES_ERROR;
				CLANG_WARN_EMPTY_BODY = YES;
				CLANG_WARN_ENUM_CONVERSION = YES;
				CLANG_WARN_INT_CONVERSION = YES;
				CLANG_WARN_OBJC_ROOT_CLASS = YES_ERROR;
				CLANG_WARN_UNREACHABLE_CODE = YES;
				CLANG_WARN__DUPLICATE_METHOD_MATCH = YES;
				COPY_PHASE_STRIP = NO;
				DEBUG_INFORMATION_FORMAT = "dwarf-with-dsym";
				ENABLE_NS_ASSERTIONS = NO;
				ENABLE_STRICT_OBJC_MSGSEND = YES;
				GCC_C_LANGUAGE_STANDARD = gnu99;
				GCC_NO_COMMON_BLOCKS = YES;
				GCC_WARN_64_TO_32_BIT_CONVERSION = YES;
				GCC_WARN_ABOUT_RETURN_TYPE = YES_ERROR;
				GCC_WARN_UNDECLARED_SELECTOR = YES;
				GCC_WARN_UNINITIALIZED_AUTOS = YES_AGGRESSIVE;
				GCC_WARN_UNUSED_FUNCTION = YES;
				GCC_WARN_UNUSED_VARIABLE = YES;
				MACOSX_DEPLOYMENT_TARGET = 10.11;
				MTL_ENABLE_DEBUG_INFO = NO;
				SDKROOT = macosx;
			};
			name = Release;
		};
		470FC43D1C590CAD00BFCBD1 /* Debug */ = {
			isa = XCBuildConfiguration;
			buildSettings = {
				PRODUCT_NAME = "$(TARGET_NAME)";
			};
			name = Debug;
		};
		470FC43E1C590CAD00BFCBD1 /* Release */ = {
			isa = XCBuildConfiguration;
			buildSettings = {
				PRODUCT_NAME = "$(TARGET_NAME)";
			};
			name = Release;
		};
/* End XCBuildConfiguration section */

/* Begin XCConfigurationList section */
		470FC4301C590CAD00BFCBD1 /* Build configuration list for PBXProject "verlet-magic" */ = {
			isa = XCConfigurationList;
			buildConfigurations = (
				470FC43A1C590CAD00BFCBD1 /* Debug */,
				470FC43B1C590CAD00BFCBD1 /* Release */,
			);
			defaultConfigurationIsVisible = 0;
			defaultConfigurationName = Release;
		};
		470FC43C1C590CAD00BFCBD1 /* Build configuration list for PBXNativeTarget "verlet-magic" */ = {
			isa = XCConfigurationList;
			buildConfigurations = (
				470FC43D1C590CAD00BFCBD1 /* Debug */,
				470FC43E1C590CAD00BFCBD1 /* Release */,
			);
			defaultConfigurationIsVisible = 0;
		};
/* End XCConfigurationList section */
	};
	rootObject = 470FC42D1C590CAD00BFCBD1 /* Project object */;
}
